// !$*UTF8*$!
{
	archiveVersion = 1;
	classes = {
	};
	objectVersion = 46;
	objects = {

/* Begin PBXBuildFile section */
		7006AE921D3528DB00CF0261 /* AppDelegate.swift in Sources */ = {isa = PBXBuildFile; fileRef = 7006AE911D3528DB00CF0261 /* AppDelegate.swift */; };
		7006AE941D3528DB00CF0261 /* ViewController.swift in Sources */ = {isa = PBXBuildFile; fileRef = 7006AE931D3528DB00CF0261 /* ViewController.swift */; };
		7006AE971D3528DB00CF0261 /* Main.storyboard in Resources */ = {isa = PBXBuildFile; fileRef = 7006AE951D3528DB00CF0261 /* Main.storyboard */; };
		7006AE991D3528DB00CF0261 /* Assets.xcassets in Resources */ = {isa = PBXBuildFile; fileRef = 7006AE981D3528DB00CF0261 /* Assets.xcassets */; };
		7006AE9C1D3528DB00CF0261 /* LaunchScreen.storyboard in Resources */ = {isa = PBXBuildFile; fileRef = 7006AE9A1D3528DB00CF0261 /* LaunchScreen.storyboard */; };
/* End PBXBuildFile section */

/* Begin PBXFileReference section */
		7006AE8E1D3528DB00CF0261 /* Bsaia.app */ = {isa = PBXFileReference; explicitFileType = wrapper.application; includeInIndex = 0; path = Bsaia.app; sourceTree = BUILT_PRODUCTS_DIR; };
		7006AE911D3528DB00CF0261 /* AppDelegate.swift */ = {isa = PBXFileReference; lastKnownFileType = sourcecode.swift; path = AppDelegate.swift; sourceTree = "<group>"; };
		7006AE931D3528DB00CF0261 /* ViewController.swift */ = {isa = PBXFileReference; lastKnownFileType = sourcecode.swift; path = ViewController.swift; sourceTree = "<group>"; };
		7006AE961D3528DB00CF0261 /* Base */ = {isa = PBXFileReference; lastKnownFileType = file.storyboard; name = Base; path = Base.lproj/Main.storyboard; sourceTree = "<group>"; };
		7006AE981D3528DB00CF0261 /* Assets.xcassets */ = {isa = PBXFileReference; lastKnownFileType = folder.assetcatalog; path = Assets.xcassets; sourceTree = "<group>"; };
		7006AE9B1D3528DB00CF0261 /* Base */ = {isa = PBXFileReference; lastKnownFileType = file.storyboard; name = Base; path = Base.lproj/LaunchScreen.storyboard; sourceTree = "<group>"; };
		7006AE9D1D3528DB00CF0261 /* Info.plist */ = {isa = PBXFileReference; lastKnownFileType = text.plist.xml; path = Info.plist; sourceTree = "<group>"; };
/* End PBXFileReference section */

/* Begin PBXFrameworksBuildPhase section */
		7006AE8B1D3528DB00CF0261 /* Frameworks */ = {
			isa = PBXFrameworksBuildPhase;
			buildActionMask = 2147483647;
			files = (
			);
			runOnlyForDeploymentPostprocessing = 0;
		};
/* End PBXFrameworksBuildPhase section */

/* Begin PBXGroup section */
		7006AE851D3528DB00CF0261 = {
			isa = PBXGroup;
			children = (
				7006AE901D3528DB00CF0261 /* Bsaia */,
				7006AE8F1D3528DB00CF0261 /* Products */,
			);
			sourceTree = "<group>";
		};
		7006AE8F1D3528DB00CF0261 /* Products */ = {
			isa = PBXGroup;
			children = (
				7006AE8E1D3528DB00CF0261 /* Bsaia.app */,
			);
			name = Products;
			sourceTree = "<group>";
		};
		7006AE901D3528DB00CF0261 /* Bsaia */ = {
			isa = PBXGroup;
			children = (
				7006AE911D3528DB00CF0261 /* AppDelegate.swift */,
				7006AE931D3528DB00CF0261 /* ViewController.swift */,
				7006AE951D3528DB00CF0261 /* Main.storyboard */,
				7006AE981D3528DB00CF0261 /* Assets.xcassets */,
				7006AE9A1D3528DB00CF0261 /* LaunchScreen.storyboard */,
				7006AE9D1D3528DB00CF0261 /* Info.plist */,
			);
			path = Bsaia;
			sourceTree = "<group>";
		};
/* End PBXGroup section */

/* Begin PBXNativeTarget section */
		7006AE8D1D3528DB00CF0261 /* Bsaia */ = {
			isa = PBXNativeTarget;
			buildConfigurationList = 7006AEA01D3528DB00CF0261 /* Build configuration list for PBXNativeTarget "Bsaia" */;
			buildPhases = (
				7006AE8A1D3528DB00CF0261 /* Sources */,
				7006AE8B1D3528DB00CF0261 /* Frameworks */,
				7006AE8C1D3528DB00CF0261 /* Resources */,
			);
			buildRules = (
			);
			dependencies = (
			);
			name = Bsaia;
			productName = Bsaia;
			productReference = 7006AE8E1D3528DB00CF0261 /* Bsaia.app */;
			productType = "com.apple.product-type.application";
		};
/* End PBXNativeTarget section */

/* Begin PBXProject section */
		7006AE861D3528DB00CF0261 /* Project object */ = {
			isa = PBXProject;
			attributes = {
				LastSwiftUpdateCheck = 0720;
				LastUpgradeCheck = 0720;
				ORGANIZATIONNAME = dyuk;
				TargetAttributes = {
					7006AE8D1D3528DB00CF0261 = {
						CreatedOnToolsVersion = 7.2;
					};
				};
			};
			buildConfigurationList = 7006AE891D3528DB00CF0261 /* Build configuration list for PBXProject "Bsaia" */;
			compatibilityVersion = "Xcode 3.2";
			developmentRegion = English;
			hasScannedForEncodings = 0;
			knownRegions = (
				en,
				Base,
			);
			mainGroup = 7006AE851D3528DB00CF0261;
			productRefGroup = 7006AE8F1D3528DB00CF0261 /* Products */;
			projectDirPath = "";
			projectRoot = "";
			targets = (
				7006AE8D1D3528DB00CF0261 /* Bsaia */,
			);
		};
/* End PBXProject section */

/* Begin PBXResourcesBuildPhase section */
		7006AE8C1D3528DB00CF0261 /* Resources */ = {
			isa = PBXResourcesBuildPhase;
			buildActionMask = 2147483647;
			files = (
				7006AE9C1D3528DB00CF0261 /* LaunchScreen.storyboard in Resources */,
				7006AE991D3528DB00CF0261 /* Assets.xcassets in Resources */,
				7006AE971D3528DB00CF0261 /* Main.storyboard in Resources */,
			);
			runOnlyForDeploymentPostprocessing = 0;
		};
/* End PBXResourcesBuildPhase section */

/* Begin PBXSourcesBuildPhase section */
		7006AE8A1D3528DB00CF0261 /* Sources */ = {
			isa = PBXSourcesBuildPhase;
			buildActionMask = 2147483647;
			files = (
				7006AE941D3528DB00CF0261 /* ViewController.swift in Sources */,
				7006AE921D3528DB00CF0261 /* AppDelegate.swift in Sources */,
			);
			runOnlyForDeploymentPostprocessing = 0;
		};
/* End PBXSourcesBuildPhase section */

/* Begin PBXVariantGroup section */
		7006AE951D3528DB00CF0261 /* Main.storyboard */ = {
			isa = PBXVariantGroup;
			children = (
				7006AE961D3528DB00CF0261 /* Base */,
			);
			name = Main.storyboard;
			sourceTree = "<group>";
		};
		7006AE9A1D3528DB00CF0261 /* LaunchScreen.storyboard */ = {
			isa = PBXVariantGroup;
			children = (
				7006AE9B1D3528DB00CF0261 /* Base */,
			);
			name = LaunchScreen.storyboard;
			sourceTree = "<group>";
		};
/* End PBXVariantGroup section */

/* Begin XCBuildConfiguration section */
		7006AE9E1D3528DB00CF0261 /* Debug */ = {
			isa = XCBuildConfiguration;
			buildSettings = {
				ALWAYS_SEARCH_USER_PATHS = NO;
				CLANG_CXX_LANGUAGE_STANDARD = "gnu++0x";
				CLANG_CXX_LIBRARY = "libc++";
				CLANG_ENABLE_MODULES = YES;
				CLANG_ENABLE_OBJC_ARC = YES;
				CLANG_WARN_BOOL_CONVERSION = YES;
				CLANG_WARN_CONSTANT_CONVERSION = YES;
				CLANG_WARN_DIRECT_OBJC_ISA_USAGE = YES_ERROR;
				CLANG_WARN_EMPTY_BODY = YES;
				CLANG_WARN_ENUM_CONVERSION = YES;
				CLANG_WARN_INT_CONVERSION = YES;
				CLANG_WARN_OBJC_ROOT_CLASS = YES_ERROR;
				CLANG_WARN_UNREACHABLE_CODE = YES;
				CLANG_WARN__DUPLICATE_METHOD_MATCH = YES;
				"CODE_SIGN_IDENTITY[sdk=iphoneos*]" = "iPhone Developer";
				COPY_PHASE_STRIP = NO;
				DEBUG_INFORMATION_FORMAT = dwarf;
				ENABLE_STRICT_OBJC_MSGSEND = YES;
				ENABLE_TESTABILITY = YES;
				GCC_C_LANGUAGE_STANDARD = gnu99;
				GCC_DYNAMIC_NO_PIC = NO;
				GCC_NO_COMMON_BLOCKS = YES;
				GCC_OPTIMIZATION_LEVEL = 0;
				GCC_PREPROCESSOR_DEFINITIONS = (
					"DEBUG=1",
					"$(inherited)",
				);
				GCC_WARN_64_TO_32_BIT_CONVERSION = YES;
				GCC_WARN_ABOUT_RETURN_TYPE = YES_ERROR;
				GCC_WARN_UNDECLARED_SELECTOR = YES;
				GCC_WARN_UNINITIALIZED_AUTOS = YES_AGGRESSIVE;
				GCC_WARN_UNUSED_FUNCTION = YES;
				GCC_WARN_UNUSED_VARIABLE = YES;
				IPHONEOS_DEPLOYMENT_TARGET = 9.2;
				MTL_ENABLE_DEBUG_INFO = YES;
				ONLY_ACTIVE_ARCH = YES;
				SDKROOT = iphoneos;
				SWIFT_OPTIMIZATION_LEVEL = "-Onone";
			};
			name = Debug;
		};
		7006AE9F1D3528DB00CF0261 /* Release */ = {
			isa = XCBuildConfiguration;
			buildSettings = {
				ALWAYS_SEARCH_USER_PATHS = NO;
				CLANG_CXX_LANGUAGE_STANDARD = "gnu++0x";
				CLANG_CXX_LIBRARY = "libc++";
				CLANG_ENABLE_MODULES = YES;
				CLANG_ENABLE_OBJC_ARC = YES;
				CLANG_WARN_BOOL_CONVERSION = YES;
				CLANG_WARN_CONSTANT_CONVERSION = YES;
				CLANG_WARN_DIRECT_OBJC_ISA_USAGE = YES_ERROR;
				CLANG_WARN_EMPTY_BODY = YES;
				CLANG_WARN_ENUM_CONVERSION = YES;
				CLANG_WARN_INT_CONVERSION = YES;
				CLANG_WARN_OBJC_ROOT_CLASS = YES_ERROR;
				CLANG_WARN_UNREACHABLE_CODE = YES;
				CLANG_WARN__DUPLICATE_METHOD_MATCH = YES;
				"CODE_SIGN_IDENTITY[sdk=iphoneos*]" = "iPhone Developer";
				COPY_PHASE_STRIP = NO;
				DEBUG_INFORMATION_FORMAT = "dwarf-with-dsym";
				ENABLE_NS_ASSERTIONS = NO;
				ENABLE_STRICT_OBJC_MSGSEND = YES;
				GCC_C_LANGUAGE_STANDARD = gnu99;
				GCC_NO_COMMON_BLOCKS = YES;
				GCC_WARN_64_TO_32_BIT_CONVERSION = YES;
				GCC_WARN_ABOUT_RETURN_TYPE = YES_ERROR;
				GCC_WARN_UNDECLARED_SELECTOR = YES;
				GCC_WARN_UNINITIALIZED_AUTOS = YES_AGGRESSIVE;
				GCC_WARN_UNUSED_FUNCTION = YES;
				GCC_WARN_UNUSED_VARIABLE = YES;
				IPHONEOS_DEPLOYMENT_TARGET = 9.2;
				MTL_ENABLE_DEBUG_INFO = NO;
				SDKROOT = iphoneos;
				VALIDATE_PRODUCT = YES;
			};
			name = Release;
		};
		7006AEA11D3528DB00CF0261 /* Debug */ = {
			isa = XCBuildConfiguration;
			buildSettings = {
				ASSETCATALOG_COMPILER_APPICON_NAME = AppIcon;
				INFOPLIST_FILE = Bsaia/Info.plist;
				LD_RUNPATH_SEARCH_PATHS = "$(inherited) @executable_path/Frameworks";
				PRODUCT_BUNDLE_IDENTIFIER = dong.Bsaia;
				PRODUCT_NAME = "$(TARGET_NAME)";
			};
			name = Debug;
		};
		7006AEA21D3528DB00CF0261 /* Release */ = {
			isa = XCBuildConfiguration;
			buildSettings = {
				ASSETCATALOG_COMPILER_APPICON_NAME = AppIcon;
				INFOPLIST_FILE = Bsaia/Info.plist;
				LD_RUNPATH_SEARCH_PATHS = "$(inherited) @executable_path/Frameworks";
				PRODUCT_BUNDLE_IDENTIFIER = dong.Bsaia;
				PRODUCT_NAME = "$(TARGET_NAME)";
			};
			name = Release;
		};
/* End XCBuildConfiguration section */

/* Begin XCConfigurationList section */
		7006AE891D3528DB00CF0261 /* Build configuration list for PBXProject "Bsaia" */ = {
			isa = XCConfigurationList;
			buildConfigurations = (
				7006AE9E1D3528DB00CF0261 /* Debug */,
				7006AE9F1D3528DB00CF0261 /* Release */,
			);
			defaultConfigurationIsVisible = 0;
			defaultConfigurationName = Release;
		};
		7006AEA01D3528DB00CF0261 /* Build configuration list for PBXNativeTarget "Bsaia" */ = {
			isa = XCConfigurationList;
			buildConfigurations = (
				7006AEA11D3528DB00CF0261 /* Debug */,
				7006AEA21D3528DB00CF0261 /* Release */,
			);
			defaultConfigurationIsVisible = 0;
		};
/* End XCConfigurationList section */
	};
	rootObject = 7006AE861D3528DB00CF0261 /* Project object */;
}
